
Microsoft Visual Studio Solution File, Format Version 12.00
# Visual Studio Version 17
VisualStudioVersion = 17.8.34330.188
MinimumVisualStudioVersion = 10.0.40219.1
Project("{FAE04EC0-301F-11D3-BF4B-00C04F79EFBC}") = "TestingSSH", "TestingSSH\TestingSSH.csproj", "{97205184-326F-4091-8897-41CEA4983EDB}"
EndProject
Global
	GlobalSection(SolutionConfigurationPlatforms) = preSolution
		Debug|Any CPU = Debug|Any CPU
		Release|Any CPU = Release|Any CPU
	EndGlobalSection
	GlobalSection(ProjectConfigurationPlatforms) = postSolution
		{97205184-326F-4091-8897-41CEA4983EDB}.Debug|Any CPU.ActiveCfg = Debug|Any CPU
		{97205184-326F-4091-8897-41CEA4983EDB}.Debug|Any CPU.Build.0 = Debug|Any CPU
		{97205184-326F-4091-8897-41CEA4983EDB}.Release|Any CPU.ActiveCfg = Release|Any CPU
		{97205184-326F-4091-8897-41CEA4983EDB}.Release|Any CPU.Build.0 = Release|Any CPU
	EndGlobalSection
	GlobalSection(SolutionProperties) = preSolution
		HideSolutionNode = FALSE
	EndGlobalSection
	GlobalSection(ExtensibilityGlobals) = postSolution
		SolutionGuid = {1B9809B1-065B-40E2-AF05-ED150D7C8058}
	EndGlobalSection
EndGlobal
